
Microsoft Visual Studio Solution File, Format Version 12.00
# Visual Studio 14
VisualStudioVersion = 14.0.25420.1
MinimumVisualStudioVersion = 10.0.40219.1
Project("{FAE04EC0-301F-11D3-BF4B-00C04F79EFBC}") = "KonturPrint", "KonturPrint\KonturPrint.csproj", "{A293C164-14F1-4E2A-B3B9-B1C71CF1341B}"
EndProject
Project("{FAE04EC0-301F-11D3-BF4B-00C04F79EFBC}") = "KonturPrintTest", "KonturPrintTest\KonturPrintTest.csproj", "{AB917E67-8585-4130-A5F8-38E5482D252F}"
EndProject
Project("{FAE04EC0-301F-11D3-BF4B-00C04F79EFBC}") = "ActiveMockLibrary", "ActiveMockLibrary\ActiveMockLibrary.csproj", "{1A36C017-8EE7-4E9D-A0F0-E6A91DA1CBBF}"
EndProject
Project("{FAE04EC0-301F-11D3-BF4B-00C04F79EFBC}") = "KonturPrintService", "KonturPrintService\KonturPrintService.csproj", "{C4794147-09CB-4E5B-BB47-E6ED376B29FC}"
EndProject
Global
	GlobalSection(SolutionConfigurationPlatforms) = preSolution
		Debug|Any CPU = Debug|Any CPU
		Release|Any CPU = Release|Any CPU
	EndGlobalSection
	GlobalSection(ProjectConfigurationPlatforms) = postSolution
		{A293C164-14F1-4E2A-B3B9-B1C71CF1341B}.Debug|Any CPU.ActiveCfg = Debug|Any CPU
		{A293C164-14F1-4E2A-B3B9-B1C71CF1341B}.Debug|Any CPU.Build.0 = Debug|Any CPU
		{A293C164-14F1-4E2A-B3B9-B1C71CF1341B}.Release|Any CPU.ActiveCfg = Release|Any CPU
		{A293C164-14F1-4E2A-B3B9-B1C71CF1341B}.Release|Any CPU.Build.0 = Release|Any CPU
		{AB917E67-8585-4130-A5F8-38E5482D252F}.Debug|Any CPU.ActiveCfg = Debug|Any CPU
		{AB917E67-8585-4130-A5F8-38E5482D252F}.Debug|Any CPU.Build.0 = Debug|Any CPU
		{AB917E67-8585-4130-A5F8-38E5482D252F}.Release|Any CPU.ActiveCfg = Release|Any CPU
		{AB917E67-8585-4130-A5F8-38E5482D252F}.Release|Any CPU.Build.0 = Release|Any CPU
		{1A36C017-8EE7-4E9D-A0F0-E6A91DA1CBBF}.Debug|Any CPU.ActiveCfg = Debug|Any CPU
		{1A36C017-8EE7-4E9D-A0F0-E6A91DA1CBBF}.Debug|Any CPU.Build.0 = Debug|Any CPU
		{1A36C017-8EE7-4E9D-A0F0-E6A91DA1CBBF}.Release|Any CPU.ActiveCfg = Release|Any CPU
		{1A36C017-8EE7-4E9D-A0F0-E6A91DA1CBBF}.Release|Any CPU.Build.0 = Release|Any CPU
		{C4794147-09CB-4E5B-BB47-E6ED376B29FC}.Debug|Any CPU.ActiveCfg = Debug|Any CPU
		{C4794147-09CB-4E5B-BB47-E6ED376B29FC}.Debug|Any CPU.Build.0 = Debug|Any CPU
		{C4794147-09CB-4E5B-BB47-E6ED376B29FC}.Release|Any CPU.ActiveCfg = Release|Any CPU
		{C4794147-09CB-4E5B-BB47-E6ED376B29FC}.Release|Any CPU.Build.0 = Release|Any CPU
	EndGlobalSection
	GlobalSection(SolutionProperties) = preSolution
		HideSolutionNode = FALSE
	EndGlobalSection
EndGlobal
